
Microsoft Visual Studio Solution File, Format Version 12.00
# Visual Studio Version 17
VisualStudioVersion = 17.0.32112.339
MinimumVisualStudioVersion = 10.0.40219.1
Project("{FAE04EC0-301F-11D3-BF4B-00C04F79EFBC}") = "Area and Circumference of a Circle", "Area and Circumference of a Circle\Area and Circumference of a Circle.csproj", "{9064DA32-6BC4-4CAA-BE3A-8B49C988459F}"
EndProject
Global
	GlobalSection(SolutionConfigurationPlatforms) = preSolution
		Debug|Any CPU = Debug|Any CPU
		Release|Any CPU = Release|Any CPU
	EndGlobalSection
	GlobalSection(ProjectConfigurationPlatforms) = postSolution
		{9064DA32-6BC4-4CAA-BE3A-8B49C988459F}.Debug|Any CPU.ActiveCfg = Debug|Any CPU
		{9064DA32-6BC4-4CAA-BE3A-8B49C988459F}.Debug|Any CPU.Build.0 = Debug|Any CPU
		{9064DA32-6BC4-4CAA-BE3A-8B49C988459F}.Release|Any CPU.ActiveCfg = Release|Any CPU
		{9064DA32-6BC4-4CAA-BE3A-8B49C988459F}.Release|Any CPU.Build.0 = Release|Any CPU
	EndGlobalSection
	GlobalSection(SolutionProperties) = preSolution
		HideSolutionNode = FALSE
	EndGlobalSection
	GlobalSection(ExtensibilityGlobals) = postSolution
		SolutionGuid = {3A6CDCF7-0B8D-468F-9E56-790FADCB5232}
	EndGlobalSection
EndGlobal
